
Microsoft Visual Studio Solution File, Format Version 12.00
# Visual Studio 15
VisualStudioVersion = 15.0.26124.0
MinimumVisualStudioVersion = 15.0.26124.0
Project("{FAE04EC0-301F-11D3-BF4B-00C04F79EFBC}") = "ProductCatalog.App", "ProductCatalog.App\ProductCatalog.App.csproj", "{F147ECC2-5572-445D-A7A6-B517CD3E23B2}"
EndProject
Project("{FAE04EC0-301F-11D3-BF4B-00C04F79EFBC}") = "ProductCatalog.Library", "ProductCatalog.Library\ProductCatalog.Library.csproj", "{049900BF-4C69-4E3F-A654-3AD1A14DE078}"
EndProject
Project("{FAE04EC0-301F-11D3-BF4B-00C04F79EFBC}") = "ProductCatalog.Tests", "ProductCatalog.Tests\ProductCatalog.Tests.csproj", "{77A0A8F7-341E-47E9-BB2E-DE005F803182}"
EndProject
Global
	GlobalSection(SolutionConfigurationPlatforms) = preSolution
		Debug|Any CPU = Debug|Any CPU
		Debug|x64 = Debug|x64
		Debug|x86 = Debug|x86
		Release|Any CPU = Release|Any CPU
		Release|x64 = Release|x64
		Release|x86 = Release|x86
	EndGlobalSection
	GlobalSection(SolutionProperties) = preSolution
		HideSolutionNode = FALSE
	EndGlobalSection
	GlobalSection(ProjectConfigurationPlatforms) = postSolution
		{F147ECC2-5572-445D-A7A6-B517CD3E23B2}.Debug|Any CPU.ActiveCfg = Debug|Any CPU
		{F147ECC2-5572-445D-A7A6-B517CD3E23B2}.Debug|Any CPU.Build.0 = Debug|Any CPU
		{F147ECC2-5572-445D-A7A6-B517CD3E23B2}.Debug|x64.ActiveCfg = Debug|Any CPU
		{F147ECC2-5572-445D-A7A6-B517CD3E23B2}.Debug|x64.Build.0 = Debug|Any CPU
		{F147ECC2-5572-445D-A7A6-B517CD3E23B2}.Debug|x86.ActiveCfg = Debug|Any CPU
		{F147ECC2-5572-445D-A7A6-B517CD3E23B2}.Debug|x86.Build.0 = Debug|Any CPU
		{F147ECC2-5572-445D-A7A6-B517CD3E23B2}.Release|Any CPU.ActiveCfg = Release|Any CPU
		{F147ECC2-5572-445D-A7A6-B517CD3E23B2}.Release|Any CPU.Build.0 = Release|Any CPU
		{F147ECC2-5572-445D-A7A6-B517CD3E23B2}.Release|x64.ActiveCfg = Release|Any CPU
		{F147ECC2-5572-445D-A7A6-B517CD3E23B2}.Release|x64.Build.0 = Release|Any CPU
		{F147ECC2-5572-445D-A7A6-B517CD3E23B2}.Release|x86.ActiveCfg = Release|Any CPU
		{F147ECC2-5572-445D-A7A6-B517CD3E23B2}.Release|x86.Build.0 = Release|Any CPU
		{049900BF-4C69-4E3F-A654-3AD1A14DE078}.Debug|Any CPU.ActiveCfg = Debug|Any CPU
		{049900BF-4C69-4E3F-A654-3AD1A14DE078}.Debug|Any CPU.Build.0 = Debug|Any CPU
		{049900BF-4C69-4E3F-A654-3AD1A14DE078}.Debug|x64.ActiveCfg = Debug|Any CPU
		{049900BF-4C69-4E3F-A654-3AD1A14DE078}.Debug|x64.Build.0 = Debug|Any CPU
		{049900BF-4C69-4E3F-A654-3AD1A14DE078}.Debug|x86.ActiveCfg = Debug|Any CPU
		{049900BF-4C69-4E3F-A654-3AD1A14DE078}.Debug|x86.Build.0 = Debug|Any CPU
		{049900BF-4C69-4E3F-A654-3AD1A14DE078}.Release|Any CPU.ActiveCfg = Release|Any CPU
		{049900BF-4C69-4E3F-A654-3AD1A14DE078}.Release|Any CPU.Build.0 = Release|Any CPU
		{049900BF-4C69-4E3F-A654-3AD1A14DE078}.Release|x64.ActiveCfg = Release|Any CPU
		{049900BF-4C69-4E3F-A654-3AD1A14DE078}.Release|x64.Build.0 = Release|Any CPU
		{049900BF-4C69-4E3F-A654-3AD1A14DE078}.Release|x86.ActiveCfg = Release|Any CPU
		{049900BF-4C69-4E3F-A654-3AD1A14DE078}.Release|x86.Build.0 = Release|Any CPU
		{77A0A8F7-341E-47E9-BB2E-DE005F803182}.Debug|Any CPU.ActiveCfg = Debug|Any CPU
		{77A0A8F7-341E-47E9-BB2E-DE005F803182}.Debug|Any CPU.Build.0 = Debug|Any CPU
		{77A0A8F7-341E-47E9-BB2E-DE005F803182}.Debug|x64.ActiveCfg = Debug|Any CPU
		{77A0A8F7-341E-47E9-BB2E-DE005F803182}.Debug|x64.Build.0 = Debug|Any CPU
		{77A0A8F7-341E-47E9-BB2E-DE005F803182}.Debug|x86.ActiveCfg = Debug|Any CPU
		{77A0A8F7-341E-47E9-BB2E-DE005F803182}.Debug|x86.Build.0 = Debug|Any CPU
		{77A0A8F7-341E-47E9-BB2E-DE005F803182}.Release|Any CPU.ActiveCfg = Release|Any CPU
		{77A0A8F7-341E-47E9-BB2E-DE005F803182}.Release|Any CPU.Build.0 = Release|Any CPU
		{77A0A8F7-341E-47E9-BB2E-DE005F803182}.Release|x64.ActiveCfg = Release|Any CPU
		{77A0A8F7-341E-47E9-BB2E-DE005F803182}.Release|x64.Build.0 = Release|Any CPU
		{77A0A8F7-341E-47E9-BB2E-DE005F803182}.Release|x86.ActiveCfg = Release|Any CPU
		{77A0A8F7-341E-47E9-BB2E-DE005F803182}.Release|x86.Build.0 = Release|Any CPU
	EndGlobalSection
EndGlobal
