
Microsoft Visual Studio Solution File, Format Version 12.00
# Visual Studio 15
Project("{FAE04EC0-301F-11D3-BF4B-00C04F79EFBC}") = "HelloWorldWebApp", "HelloWorldWebApp\HelloWorldWebApp.csproj", "{2D840E3F-513F-4528-BD4A-765736F9DD7E}"
EndProject
Global
	GlobalSection(SolutionConfigurationPlatforms) = preSolution
		Debug|Any CPU = Debug|Any CPU
		Release|Any CPU = Release|Any CPU
	EndGlobalSection
	GlobalSection(ProjectConfigurationPlatforms) = postSolution
		{2D840E3F-513F-4528-BD4A-765736F9DD7E}.Debug|Any CPU.ActiveCfg = Debug|Any CPU
		{2D840E3F-513F-4528-BD4A-765736F9DD7E}.Debug|Any CPU.Build.0 = Debug|Any CPU
		{2D840E3F-513F-4528-BD4A-765736F9DD7E}.Release|Any CPU.ActiveCfg = Release|Any CPU
		{2D840E3F-513F-4528-BD4A-765736F9DD7E}.Release|Any CPU.Build.0 = Release|Any CPU
	EndGlobalSection
EndGlobal
