
Microsoft Visual Studio Solution File, Format Version 12.00
# Visual Studio 15
Project("{FAE04EC0-301F-11D3-BF4B-00C04F79EFBC}") = "MvcMovie", "MvcMovie\MvcMovie.csproj", "{7CF8E198-6B61-4FB8-BA5C-CB988914F926}"
EndProject
Global
	GlobalSection(SolutionConfigurationPlatforms) = preSolution
		Debug|Any CPU = Debug|Any CPU
		Release|Any CPU = Release|Any CPU
	EndGlobalSection
	GlobalSection(ProjectConfigurationPlatforms) = postSolution
		{7CF8E198-6B61-4FB8-BA5C-CB988914F926}.Debug|Any CPU.ActiveCfg = Debug|Any CPU
		{7CF8E198-6B61-4FB8-BA5C-CB988914F926}.Debug|Any CPU.Build.0 = Debug|Any CPU
		{7CF8E198-6B61-4FB8-BA5C-CB988914F926}.Release|Any CPU.ActiveCfg = Release|Any CPU
		{7CF8E198-6B61-4FB8-BA5C-CB988914F926}.Release|Any CPU.Build.0 = Release|Any CPU
	EndGlobalSection
EndGlobal
